
Microsoft Visual Studio Solution File, Format Version 12.00
# Visual Studio Version 17
VisualStudioVersion = 17.10.35027.167
MinimumVisualStudioVersion = 10.0.40219.1
Project("{FAE04EC0-301F-11D3-BF4B-00C04F79EFBC}") = "ProjeYonetimSistemi", "ProjeYonetimSistemi\ProjeYonetimSistemi.csproj", "{B2EEAD40-370E-441A-9762-EC0C38E33FC0}"
EndProject
Global
	GlobalSection(SolutionConfigurationPlatforms) = preSolution
		Debug|Any CPU = Debug|Any CPU
		Release|Any CPU = Release|Any CPU
	EndGlobalSection
	GlobalSection(ProjectConfigurationPlatforms) = postSolution
		{B2EEAD40-370E-441A-9762-EC0C38E33FC0}.Debug|Any CPU.ActiveCfg = Debug|Any CPU
		{B2EEAD40-370E-441A-9762-EC0C38E33FC0}.Debug|Any CPU.Build.0 = Debug|Any CPU
		{B2EEAD40-370E-441A-9762-EC0C38E33FC0}.Release|Any CPU.ActiveCfg = Release|Any CPU
		{B2EEAD40-370E-441A-9762-EC0C38E33FC0}.Release|Any CPU.Build.0 = Release|Any CPU
	EndGlobalSection
	GlobalSection(SolutionProperties) = preSolution
		HideSolutionNode = FALSE
	EndGlobalSection
	GlobalSection(ExtensibilityGlobals) = postSolution
		SolutionGuid = {56CCA506-0F3D-4D19-82C7-AB0F99D75C56}
	EndGlobalSection
EndGlobal
